
Microsoft Visual Studio Solution File, Format Version 12.00
# Visual Studio 15
VisualStudioVersion = 15.0.26430.16
MinimumVisualStudioVersion = 10.0.40219.1
Project("{2150E333-8FDC-42A3-9474-1A3956D46DE8}") = "Data", "Data", "{18486EA0-B076-4CAA-8F73-71761E9C959B}"
EndProject
Project("{2150E333-8FDC-42A3-9474-1A3956D46DE8}") = "View", "View", "{9B38FA7F-A65C-4B9B-AB08-4D661B6A58FC}"
EndProject
Project("{2150E333-8FDC-42A3-9474-1A3956D46DE8}") = "Domain", "Domain", "{D1882452-2D76-42FB-A0B7-36B3D126D160}"
EndProject
Project("{FAE04EC0-301F-11D3-BF4B-00C04F79EFBC}") = "AnnaLeaoStore.DataAccess", "AnnaLeaoStore.DataAccess\AnnaLeaoStore.DataAccess.csproj", "{C0BAE88A-B87F-4450-A117-66C160565206}"
EndProject
Project("{FAE04EC0-301F-11D3-BF4B-00C04F79EFBC}") = "AnnaLeaoStore.Business", "AnnaLeaoStore.Business\AnnaLeaoStore.Business.csproj", "{C00924AA-393D-478C-962B-4CFC915888B5}"
EndProject
Project("{FAE04EC0-301F-11D3-BF4B-00C04F79EFBC}") = "AnnaLeaoStore.Model", "AnnaLeaoStore.Model\AnnaLeaoStore.Model.csproj", "{57073BF0-5405-4E90-A249-2C7DB9B25481}"
EndProject
Project("{FAE04EC0-301F-11D3-BF4B-00C04F79EFBC}") = "AnnaLeaoStore.Repository", "AnnaLeaoStore.Repository\AnnaLeaoStore.Repository.csproj", "{7ECF1038-9A9A-4520-80DC-648998CB2DF4}"
EndProject
Project("{FAE04EC0-301F-11D3-BF4B-00C04F79EFBC}") = "AnnaLeaoStoreMVC", "AnnaLeaoStoreMVC\AnnaLeaoStoreMVC.csproj", "{2A138E7C-8A02-459E-9153-69021E9100A9}"
EndProject
Global
	GlobalSection(SolutionConfigurationPlatforms) = preSolution
		Debug|Any CPU = Debug|Any CPU
		Release|Any CPU = Release|Any CPU
	EndGlobalSection
	GlobalSection(ProjectConfigurationPlatforms) = postSolution
		{C0BAE88A-B87F-4450-A117-66C160565206}.Debug|Any CPU.ActiveCfg = Debug|Any CPU
		{C0BAE88A-B87F-4450-A117-66C160565206}.Debug|Any CPU.Build.0 = Debug|Any CPU
		{C0BAE88A-B87F-4450-A117-66C160565206}.Release|Any CPU.ActiveCfg = Release|Any CPU
		{C0BAE88A-B87F-4450-A117-66C160565206}.Release|Any CPU.Build.0 = Release|Any CPU
		{C00924AA-393D-478C-962B-4CFC915888B5}.Debug|Any CPU.ActiveCfg = Debug|Any CPU
		{C00924AA-393D-478C-962B-4CFC915888B5}.Debug|Any CPU.Build.0 = Debug|Any CPU
		{C00924AA-393D-478C-962B-4CFC915888B5}.Release|Any CPU.ActiveCfg = Release|Any CPU
		{C00924AA-393D-478C-962B-4CFC915888B5}.Release|Any CPU.Build.0 = Release|Any CPU
		{57073BF0-5405-4E90-A249-2C7DB9B25481}.Debug|Any CPU.ActiveCfg = Debug|Any CPU
		{57073BF0-5405-4E90-A249-2C7DB9B25481}.Debug|Any CPU.Build.0 = Debug|Any CPU
		{57073BF0-5405-4E90-A249-2C7DB9B25481}.Release|Any CPU.ActiveCfg = Release|Any CPU
		{57073BF0-5405-4E90-A249-2C7DB9B25481}.Release|Any CPU.Build.0 = Release|Any CPU
		{7ECF1038-9A9A-4520-80DC-648998CB2DF4}.Debug|Any CPU.ActiveCfg = Debug|Any CPU
		{7ECF1038-9A9A-4520-80DC-648998CB2DF4}.Debug|Any CPU.Build.0 = Debug|Any CPU
		{7ECF1038-9A9A-4520-80DC-648998CB2DF4}.Release|Any CPU.ActiveCfg = Release|Any CPU
		{7ECF1038-9A9A-4520-80DC-648998CB2DF4}.Release|Any CPU.Build.0 = Release|Any CPU
		{2A138E7C-8A02-459E-9153-69021E9100A9}.Debug|Any CPU.ActiveCfg = Debug|Any CPU
		{2A138E7C-8A02-459E-9153-69021E9100A9}.Debug|Any CPU.Build.0 = Debug|Any CPU
		{2A138E7C-8A02-459E-9153-69021E9100A9}.Release|Any CPU.ActiveCfg = Release|Any CPU
		{2A138E7C-8A02-459E-9153-69021E9100A9}.Release|Any CPU.Build.0 = Release|Any CPU
	EndGlobalSection
	GlobalSection(SolutionProperties) = preSolution
		HideSolutionNode = FALSE
	EndGlobalSection
	GlobalSection(NestedProjects) = preSolution
		{C0BAE88A-B87F-4450-A117-66C160565206} = {18486EA0-B076-4CAA-8F73-71761E9C959B}
		{C00924AA-393D-478C-962B-4CFC915888B5} = {D1882452-2D76-42FB-A0B7-36B3D126D160}
		{57073BF0-5405-4E90-A249-2C7DB9B25481} = {D1882452-2D76-42FB-A0B7-36B3D126D160}
		{7ECF1038-9A9A-4520-80DC-648998CB2DF4} = {D1882452-2D76-42FB-A0B7-36B3D126D160}
		{2A138E7C-8A02-459E-9153-69021E9100A9} = {9B38FA7F-A65C-4B9B-AB08-4D661B6A58FC}
	EndGlobalSection
EndGlobal
